
Microsoft Visual Studio Solution File, Format Version 12.00
# Visual Studio 14
VisualStudioVersion = 14.0.25420.1
MinimumVisualStudioVersion = 10.0.40219.1
Project("{FAE04EC0-301F-11D3-BF4B-00C04F79EFBC}") = "MyQuotes", "MyQuotes\MyQuotes.csproj", "{60784A72-50B4-481C-B4EE-2D6245A2ACA4}"
EndProject
Project("{FAE04EC0-301F-11D3-BF4B-00C04F79EFBC}") = "MyQuotes.Tests", "MyQuotes.Tests\MyQuotes.Tests.csproj", "{FBF2C263-0772-4D30-BC90-9554ADFAC048}"
EndProject
Global
	GlobalSection(SolutionConfigurationPlatforms) = preSolution
		Debug|Any CPU = Debug|Any CPU
		Release|Any CPU = Release|Any CPU
	EndGlobalSection
	GlobalSection(ProjectConfigurationPlatforms) = postSolution
		{60784A72-50B4-481C-B4EE-2D6245A2ACA4}.Debug|Any CPU.ActiveCfg = Debug|Any CPU
		{60784A72-50B4-481C-B4EE-2D6245A2ACA4}.Debug|Any CPU.Build.0 = Debug|Any CPU
		{60784A72-50B4-481C-B4EE-2D6245A2ACA4}.Release|Any CPU.ActiveCfg = Release|Any CPU
		{60784A72-50B4-481C-B4EE-2D6245A2ACA4}.Release|Any CPU.Build.0 = Release|Any CPU
		{FBF2C263-0772-4D30-BC90-9554ADFAC048}.Debug|Any CPU.ActiveCfg = Debug|Any CPU
		{FBF2C263-0772-4D30-BC90-9554ADFAC048}.Debug|Any CPU.Build.0 = Debug|Any CPU
		{FBF2C263-0772-4D30-BC90-9554ADFAC048}.Release|Any CPU.ActiveCfg = Release|Any CPU
		{FBF2C263-0772-4D30-BC90-9554ADFAC048}.Release|Any CPU.Build.0 = Release|Any CPU
	EndGlobalSection
	GlobalSection(SolutionProperties) = preSolution
		HideSolutionNode = FALSE
	EndGlobalSection
EndGlobal
